// !$*UTF8*$!
{
	archiveVersion = 1;
	classes = {
	};
	objectVersion = 110;
	objects = {

/* Begin PBXBuildFile section */
		B3B65AF2305A984B003B5F07 /* AetherEngine in Frameworks */ = {isa = PBXBuildFile; productRef = B3B65AF1305A984B003B5F07 /* AetherEngine */; };
		EE598D814D3F6400CD01A50F /* AetherEngine in Frameworks */ = {isa = PBXBuildFile; productRef = B3B65AF1305A984B003B5F07 /* AetherEngine */; };
/* End PBXBuildFile section */

/* Begin PBXFileReference section */
		B3B65AC5305A5A6C003B5F07 /* Veyra.app */ = {isa = PBXFileReference; explicitFileType = wrapper.application; includeInIndex = 0; path = Veyra.app; sourceTree = BUILT_PRODUCTS_DIR; };
		B3B65B05305AAB69003B5F07 /* Secrets.xcconfig */ = {isa = PBXFileReference; lastKnownFileType = text.xcconfig; path = Secrets.xcconfig; sourceTree = "<group>"; };
		B3EE10D6305E9262002FAC51 /* Veyra-iOS.app */ = {isa = PBXFileReference; explicitFileType = wrapper.application; includeInIndex = 0; path = "Veyra-iOS.app"; sourceTree = BUILT_PRODUCTS_DIR; };
/* End PBXFileReference section */

/* Begin PBXFileSystemSynchronizedBuildFileExceptionSet section */
		B3B65B0A305AB56E003B5F07 /* Exceptions for "Veyra" folder in "Veyra" target */ = {
			isa = PBXFileSystemSynchronizedBuildFileExceptionSet;
			membershipExceptions = (
				"App/tvOS/LiveTV/LiveTVView.swift.before-vod-tab-removal",
				Resources/Info.plist,
			);
			target = B3B65AC4305A5A6C003B5F07 /* Veyra */;
		};
		C0FFEE01305E9267002FAC51 /* Exceptions for "Veyra-iOS" folder in "Veyra-iOS" target */ = {
			isa = PBXFileSystemSynchronizedBuildFileExceptionSet;
			membershipExceptions = (
				Info.plist,
				LiveTV/LiveTVFavoritesOrderView.swift,
			);
			target = B3EE10D5305E9262002FAC51 /* Veyra-iOS */;
		};
/* End PBXFileSystemSynchronizedBuildFileExceptionSet section */

/* Begin PBXFileSystemSynchronizedRootGroup section */
		B3B65AC7305A5A6C003B5F07 /* Veyra */ = {
			isa = PBXFileSystemSynchronizedRootGroup;
			exceptions = (
				B3B65B0A305AB56E003B5F07 /* Exceptions for "Veyra" folder in "Veyra" target */,
			);
			path = Veyra;
			sourceTree = "<group>";
		};
		B3EE10D7305E9263002FAC51 /* Veyra-iOS */ = {
			isa = PBXFileSystemSynchronizedRootGroup;
			exceptions = (
				C0FFEE01305E9267002FAC51 /* Exceptions for "Veyra-iOS" folder in "Veyra-iOS" target */,
			);
			path = "Veyra-iOS";
			sourceTree = "<group>";
		};
		E01E6D1422F6265A8D4C8DE9 /* Shared */ = {
			isa = PBXFileSystemSynchronizedRootGroup;
			path = Shared;
			sourceTree = "<group>";
		};
/* End PBXFileSystemSynchronizedRootGroup section */

/* Begin PBXFrameworksBuildPhase section */
		B3B65AC2305A5A6C003B5F07 /* Frameworks */ = {
			isa = PBXFrameworksBuildPhase;
			files = (
				B3B65AF2305A984B003B5F07 /* AetherEngine in Frameworks */,
			);
		};
		B3EE10D3305E9262002FAC51 /* Frameworks */ = {
			isa = PBXFrameworksBuildPhase;
			files = (
				EE598D814D3F6400CD01A50F /* AetherEngine in Frameworks */,
			);
		};
/* End PBXFrameworksBuildPhase section */

/* Begin PBXGroup section */
		B3B65ABC305A5A6C003B5F07 = {
			isa = PBXGroup;
			children = (
				B3B65B05305AAB69003B5F07 /* Secrets.xcconfig */,
				B3B65AC7305A5A6C003B5F07 /* Veyra */,
				B3EE10D7305E9263002FAC51 /* Veyra-iOS */,
				E01E6D1422F6265A8D4C8DE9 /* Shared */,
				B3B65AC6305A5A6C003B5F07 /* Products */,
			);
			sourceTree = "<group>";
		};
		B3B65AC6305A5A6C003B5F07 /* Products */ = {
			isa = PBXGroup;
			children = (
				B3B65AC5305A5A6C003B5F07 /* Veyra.app */,
				B3EE10D6305E9262002FAC51 /* Veyra-iOS.app */,
			);
			name = Products;
			sourceTree = "<group>";
		};
/* End PBXGroup section */

/* Begin PBXNativeTarget section */
		B3B65AC4305A5A6C003B5F07 /* Veyra */ = {
			isa = PBXNativeTarget;
			buildConfigurationList = B3B65AD0305A5A70003B5F07 /* Build configuration list for PBXNativeTarget "Veyra" */;
			buildPhases = (
				B3B65AC1305A5A6C003B5F07 /* Sources */,
				B3B65AC2305A5A6C003B5F07 /* Frameworks */,
				B3B65AC3305A5A6C003B5F07 /* Resources */,
			);
			buildRules = (
			);
			fileSystemSynchronizedGroups = (
				B3B65AC7305A5A6C003B5F07 /* Veyra */,
				E01E6D1422F6265A8D4C8DE9 /* Shared */,
			);
			name = Veyra;
			packageProductDependencies = (
				B3B65AF1305A984B003B5F07 /* AetherEngine */,
			);
			productName = Veyra;
			productReference = B3B65AC5305A5A6C003B5F07 /* Veyra.app */;
			productType = "com.apple.product-type.application";
		};
		B3EE10D5305E9262002FAC51 /* Veyra-iOS */ = {
			isa = PBXNativeTarget;
			buildConfigurationList = B3EE10DE305E9267002FAC51 /* Build configuration list for PBXNativeTarget "Veyra-iOS" */;
			buildPhases = (
				B3EE10D2305E9262002FAC51 /* Sources */,
				B3EE10D3305E9262002FAC51 /* Frameworks */,
				B3EE10D4305E9262002FAC51 /* Resources */,
			);
			buildRules = (
			);
			fileSystemSynchronizedGroups = (
				B3EE10D7305E9263002FAC51 /* Veyra-iOS */,
				E01E6D1422F6265A8D4C8DE9 /* Shared */,
			);
			name = "Veyra-iOS";
			packageProductDependencies = (
				B3B65AF1305A984B003B5F07 /* AetherEngine */,
			);
			productName = "Veyra-iOS";
			productReference = B3EE10D6305E9262002FAC51 /* Veyra-iOS.app */;
			productType = "com.apple.product-type.application";
		};
/* End PBXNativeTarget section */

/* Begin PBXProject section */
		B3B65ABD305A5A6C003B5F07 /* Project object */ = {
			isa = PBXProject;
			attributes = {
				BuildIndependentTargetsInParallel = 1;
				LastSwiftUpdateCheck = 2700;
				LastUpgradeCheck = 2700;
				TargetAttributes = {
					B3B65AC4305A5A6C003B5F07 = {
						CreatedOnToolsVersion = 27.0;
					};
					B3EE10D5305E9262002FAC51 = {
						CreatedOnToolsVersion = 27.0;
					};
				};
			};
			buildConfigurationList = B3B65AC0305A5A6C003B5F07 /* Build configuration list for PBXProject "Veyra" */;
			developmentRegion = en;
			hasScannedForEncodings = 0;
			knownRegions = (
				en,
				Base,
			);
			mainGroup = B3B65ABC305A5A6C003B5F07;
			minimizedProjectReferenceProxies = 1;
			packageReferences = (
				B3B65AF0305A984B003B5F07 /* XCRemoteSwiftPackageReference "AetherEngine" */,
			);
			preferredProjectObjectVersion = 77;
			productRefGroup = B3B65AC6305A5A6C003B5F07 /* Products */;
			projectDirPath = "";
			projectRoot = "";
			targets = (
				B3B65AC4305A5A6C003B5F07 /* Veyra */,
				B3EE10D5305E9262002FAC51 /* Veyra-iOS */,
			);
		};
/* End PBXProject section */

/* Begin PBXResourcesBuildPhase section */
		B3B65AC3305A5A6C003B5F07 /* Resources */ = {
			isa = PBXResourcesBuildPhase;
			files = (
			);
		};
		B3EE10D4305E9262002FAC51 /* Resources */ = {
			isa = PBXResourcesBuildPhase;
			files = (
			);
		};
/* End PBXResourcesBuildPhase section */

/* Begin PBXSourcesBuildPhase section */
		B3B65AC1305A5A6C003B5F07 /* Sources */ = {
			isa = PBXSourcesBuildPhase;
			files = (
			);
		};
		B3EE10D2305E9262002FAC51 /* Sources */ = {
			isa = PBXSourcesBuildPhase;
			files = (
			);
		};
/* End PBXSourcesBuildPhase section */

/* Begin XCBuildConfiguration section */
		B3B65ACE305A5A70003B5F07 /* Debug configuration for PBXProject "Veyra" */ = {
			isa = XCBuildConfiguration;
			baseConfigurationReference = B3B65B05305AAB69003B5F07 /* Secrets.xcconfig */;
			buildSettings = {
				ALWAYS_SEARCH_USER_PATHS = NO;
				ASSETCATALOG_COMPILER_GENERATE_SWIFT_ASSET_SYMBOL_EXTENSIONS = YES;
				CLANG_ANALYZER_NONNULL = YES;
				CLANG_ANALYZER_NUMBER_OBJECT_CONVERSION = YES_AGGRESSIVE;
				CLANG_CXX_LANGUAGE_STANDARD = "gnu++20";
				CLANG_ENABLE_MODULES = YES;
				CLANG_ENABLE_OBJC_ARC = YES;
				CLANG_ENABLE_OBJC_WEAK = YES;
				CLANG_WARN_BLOCK_CAPTURE_AUTORELEASING = YES;
				CLANG_WARN_BOOL_CONVERSION = YES;
				CLANG_WARN_COMMA = YES;
				CLANG_WARN_CONSTANT_CONVERSION = YES;
				CLANG_WARN_DEPRECATED_OBJC_IMPLEMENTATIONS = YES;
				CLANG_WARN_DIRECT_OBJC_ISA_USAGE = YES_ERROR;
				CLANG_WARN_DOCUMENTATION_COMMENTS = YES;
				CLANG_WARN_EMPTY_BODY = YES;
				CLANG_WARN_ENUM_CONVERSION = YES;
				CLANG_WARN_INFINITE_RECURSION = YES;
				CLANG_WARN_INT_CONVERSION = YES;
				CLANG_WARN_NON_LITERAL_NULL_CONVERSION = YES;
				CLANG_WARN_OBJC_IMPLICIT_RETAIN_SELF = YES;
				CLANG_WARN_OBJC_LITERAL_CONVERSION = YES;
				CLANG_WARN_OBJC_ROOT_CLASS = YES_ERROR;
				CLANG_WARN_QUOTED_INCLUDE_IN_FRAMEWORK_HEADER = YES;
				CLANG_WARN_RANGE_LOOP_ANALYSIS = YES;
				CLANG_WARN_STRICT_PROTOTYPES = YES;
				CLANG_WARN_SUSPICIOUS_MOVE = YES;
				CLANG_WARN_UNGUARDED_AVAILABILITY = YES_AGGRESSIVE;
				CLANG_WARN_UNREACHABLE_CODE = YES;
				CLANG_WARN__DUPLICATE_METHOD_MATCH = YES;
				COPY_PHASE_STRIP = NO;
				DEBUG_INFORMATION_FORMAT = dwarf;
				DEVELOPMENT_TEAM = SGMLZ564HT;
				ENABLE_STRICT_OBJC_MSGSEND = YES;
				ENABLE_TESTABILITY = YES;
				ENABLE_USER_SCRIPT_SANDBOXING = YES;
				GCC_C_LANGUAGE_STANDARD = gnu17;
				GCC_DYNAMIC_NO_PIC = NO;
				GCC_NO_COMMON_BLOCKS = YES;
				GCC_OPTIMIZATION_LEVEL = 0;
				GCC_PREPROCESSOR_DEFINITIONS = (
					"DEBUG=1",
					"$(inherited)",
				);
				GCC_WARN_64_TO_32_BIT_CONVERSION = YES;
				GCC_WARN_ABOUT_RETURN_TYPE = YES_ERROR;
				GCC_WARN_UNDECLARED_SELECTOR = YES;
				GCC_WARN_UNINITIALIZED_AUTOS = YES_AGGRESSIVE;
				GCC_WARN_UNUSED_FUNCTION = YES;
				GCC_WARN_UNUSED_VARIABLE = YES;
				LOCALIZATION_PREFERS_STRING_CATALOGS = YES;
				MTL_ENABLE_DEBUG_INFO = INCLUDE_SOURCE;
				MTL_FAST_MATH = YES;
				ONLY_ACTIVE_ARCH = YES;
				SDKROOT = appletvos;
				SWIFT_ACTIVE_COMPILATION_CONDITIONS = "DEBUG $(inherited)";
				SWIFT_OPTIMIZATION_LEVEL = "-Onone";
				TVOS_DEPLOYMENT_TARGET = 27.0;
			};
			name = Debug;
		};
		B3B65ACF305A5A70003B5F07 /* Release configuration for PBXProject "Veyra" */ = {
			isa = XCBuildConfiguration;
			baseConfigurationReference = B3B65B05305AAB69003B5F07 /* Secrets.xcconfig */;
			buildSettings = {
				ALWAYS_SEARCH_USER_PATHS = NO;
				ASSETCATALOG_COMPILER_GENERATE_SWIFT_ASSET_SYMBOL_EXTENSIONS = YES;
				CLANG_ANALYZER_NONNULL = YES;
				CLANG_ANALYZER_NUMBER_OBJECT_CONVERSION = YES_AGGRESSIVE;
				CLANG_CXX_LANGUAGE_STANDARD = "gnu++20";
				CLANG_ENABLE_MODULES = YES;
				CLANG_ENABLE_OBJC_ARC = YES;
				CLANG_ENABLE_OBJC_WEAK = YES;
				CLANG_WARN_BLOCK_CAPTURE_AUTORELEASING = YES;
				CLANG_WARN_BOOL_CONVERSION = YES;
				CLANG_WARN_COMMA = YES;
				CLANG_WARN_CONSTANT_CONVERSION = YES;
				CLANG_WARN_DEPRECATED_OBJC_IMPLEMENTATIONS = YES;
				CLANG_WARN_DIRECT_OBJC_ISA_USAGE = YES_ERROR;
				CLANG_WARN_DOCUMENTATION_COMMENTS = YES;
				CLANG_WARN_EMPTY_BODY = YES;
				CLANG_WARN_ENUM_CONVERSION = YES;
				CLANG_WARN_INFINITE_RECURSION = YES;
				CLANG_WARN_INT_CONVERSION = YES;
				CLANG_WARN_NON_LITERAL_NULL_CONVERSION = YES;
				CLANG_WARN_OBJC_IMPLICIT_RETAIN_SELF = YES;
				CLANG_WARN_OBJC_LITERAL_CONVERSION = YES;
				CLANG_WARN_OBJC_ROOT_CLASS = YES_ERROR;
				CLANG_WARN_QUOTED_INCLUDE_IN_FRAMEWORK_HEADER = YES;
				CLANG_WARN_RANGE_LOOP_ANALYSIS = YES;
				CLANG_WARN_STRICT_PROTOTYPES = YES;
				CLANG_WARN_SUSPICIOUS_MOVE = YES;
				CLANG_WARN_UNGUARDED_AVAILABILITY = YES_AGGRESSIVE;
				CLANG_WARN_UNREACHABLE_CODE = YES;
				CLANG_WARN__DUPLICATE_METHOD_MATCH = YES;
				COPY_PHASE_STRIP = NO;
				DEBUG_INFORMATION_FORMAT = "dwarf-with-dsym";
				DEVELOPMENT_TEAM = SGMLZ564HT;
				ENABLE_NS_ASSERTIONS = NO;
				ENABLE_STRICT_OBJC_MSGSEND = YES;
				ENABLE_USER_SCRIPT_SANDBOXING = YES;
				GCC_C_LANGUAGE_STANDARD = gnu17;
				GCC_NO_COMMON_BLOCKS = YES;
				GCC_WARN_64_TO_32_BIT_CONVERSION = YES;
				GCC_WARN_ABOUT_RETURN_TYPE = YES_ERROR;
				GCC_WARN_UNDECLARED_SELECTOR = YES;
				GCC_WARN_UNINITIALIZED_AUTOS = YES_AGGRESSIVE;
				GCC_WARN_UNUSED_FUNCTION = YES;
				GCC_WARN_UNUSED_VARIABLE = YES;
				LOCALIZATION_PREFERS_STRING_CATALOGS = YES;
				MTL_ENABLE_DEBUG_INFO = NO;
				MTL_FAST_MATH = YES;
				SDKROOT = appletvos;
				SWIFT_COMPILATION_MODE = wholemodule;
				TVOS_DEPLOYMENT_TARGET = 27.0;
				VALIDATE_PRODUCT = YES;
			};
			name = Release;
		};
		B3B65AD1305A5A70003B5F07 /* Debug configuration for PBXNativeTarget "Veyra" */ = {
			isa = XCBuildConfiguration;
			buildSettings = {
				ASSETCATALOG_COMPILER_APPICON_NAME = "App Icon & Top Shelf Image";
				ASSETCATALOG_COMPILER_GLOBAL_ACCENT_COLOR_NAME = AccentColor;
				CODE_SIGN_ENTITLEMENTS = Veyra/Veyra.entitlements;
				CODE_SIGN_STYLE = Automatic;
				CURRENT_PROJECT_VERSION = 11;
				DEVELOPMENT_TEAM = SGMLZ564HT;
				ENABLE_PREVIEWS = YES;
				GENERATE_INFOPLIST_FILE = NO;
				INFOPLIST_FILE = Veyra/Resources/Info.plist;
				INFOPLIST_KEY_UILaunchScreen_Generation = YES;
				INFOPLIST_KEY_UIUserInterfaceStyle = Automatic;
				LD_RUNPATH_SEARCH_PATHS = (
					"$(inherited)",
					"@executable_path/Frameworks",
				);
				MARKETING_VERSION = 1.0;
				PRODUCT_BUNDLE_IDENTIFIER = com.veyra.Veyra;
				PRODUCT_NAME = "$(TARGET_NAME)";
				STRING_CATALOG_GENERATE_SYMBOLS = YES;
				SWIFT_APPROACHABLE_CONCURRENCY = YES;
				SWIFT_DEFAULT_ACTOR_ISOLATION = MainActor;
				SWIFT_EMIT_LOC_STRINGS = YES;
				SWIFT_UPCOMING_FEATURE_MEMBER_IMPORT_VISIBILITY = NO;
				SWIFT_VERSION = 5.0;
				TARGETED_DEVICE_FAMILY = 3;
			};
			name = Debug;
		};
		B3B65AD2305A5A70003B5F07 /* Release configuration for PBXNativeTarget "Veyra" */ = {
			isa = XCBuildConfiguration;
			buildSettings = {
				ASSETCATALOG_COMPILER_APPICON_NAME = "App Icon & Top Shelf Image";
				ASSETCATALOG_COMPILER_GLOBAL_ACCENT_COLOR_NAME = AccentColor;
				CODE_SIGN_ENTITLEMENTS = Veyra/Veyra.entitlements;
				CODE_SIGN_STYLE = Automatic;
				CURRENT_PROJECT_VERSION = 11;
				DEVELOPMENT_TEAM = SGMLZ564HT;
				ENABLE_PREVIEWS = YES;
				GENERATE_INFOPLIST_FILE = NO;
				INFOPLIST_FILE = Veyra/Resources/Info.plist;
				INFOPLIST_KEY_UILaunchScreen_Generation = YES;
				INFOPLIST_KEY_UIUserInterfaceStyle = Automatic;
				LD_RUNPATH_SEARCH_PATHS = (
					"$(inherited)",
					"@executable_path/Frameworks",
				);
				MARKETING_VERSION = 1.0;
				PRODUCT_BUNDLE_IDENTIFIER = com.veyra.Veyra;
				PRODUCT_NAME = "$(TARGET_NAME)";
				STRING_CATALOG_GENERATE_SYMBOLS = YES;
				SWIFT_APPROACHABLE_CONCURRENCY = YES;
				SWIFT_DEFAULT_ACTOR_ISOLATION = MainActor;
				SWIFT_EMIT_LOC_STRINGS = YES;
				SWIFT_UPCOMING_FEATURE_MEMBER_IMPORT_VISIBILITY = NO;
				SWIFT_VERSION = 5.0;
				TARGETED_DEVICE_FAMILY = 3;
			};
			name = Release;
		};
		B3EE10DF305E9267002FAC51 /* Debug configuration for PBXNativeTarget "Veyra-iOS" */ = {
			isa = XCBuildConfiguration;
			baseConfigurationReference = B3B65B05305AAB69003B5F07 /* Secrets.xcconfig */;
			buildSettings = {
				ASSETCATALOG_COMPILER_APPICON_NAME = AppIcon;
				ASSETCATALOG_COMPILER_GLOBAL_ACCENT_COLOR_NAME = AccentColor;
				CODE_SIGN_STYLE = Automatic;
				CURRENT_PROJECT_VERSION = 1;
				DEVELOPMENT_TEAM = SGMLZ564HT;
				ENABLE_PREVIEWS = YES;
				GENERATE_INFOPLIST_FILE = NO;
				INFOPLIST_FILE = "Veyra-iOS/Info.plist";
				IPHONEOS_DEPLOYMENT_TARGET = 27.0;
				LD_RUNPATH_SEARCH_PATHS = (
					"$(inherited)",
					"@executable_path/Frameworks",
				);
				MARKETING_VERSION = 1.0;
				PRODUCT_BUNDLE_IDENTIFIER = "com.veyra.Veyra-iOS";
				PRODUCT_NAME = "$(TARGET_NAME)";
				SDKROOT = iphoneos;
				STRING_CATALOG_GENERATE_SYMBOLS = YES;
				SWIFT_APPROACHABLE_CONCURRENCY = YES;
				SWIFT_DEFAULT_ACTOR_ISOLATION = MainActor;
				SWIFT_EMIT_LOC_STRINGS = YES;
				SWIFT_UPCOMING_FEATURE_MEMBER_IMPORT_VISIBILITY = NO;
				SWIFT_VERSION = 5.0;
				TARGETED_DEVICE_FAMILY = "1,2";
			};
			name = Debug;
		};
		B3EE10E0305E9267002FAC51 /* Release configuration for PBXNativeTarget "Veyra-iOS" */ = {
			isa = XCBuildConfiguration;
			baseConfigurationReference = B3B65B05305AAB69003B5F07 /* Secrets.xcconfig */;
			buildSettings = {
				ASSETCATALOG_COMPILER_APPICON_NAME = AppIcon;
				ASSETCATALOG_COMPILER_GLOBAL_ACCENT_COLOR_NAME = AccentColor;
				CODE_SIGN_STYLE = Automatic;
				CURRENT_PROJECT_VERSION = 1;
				DEVELOPMENT_TEAM = SGMLZ564HT;
				ENABLE_PREVIEWS = YES;
				GENERATE_INFOPLIST_FILE = NO;
				INFOPLIST_FILE = "Veyra-iOS/Info.plist";
				IPHONEOS_DEPLOYMENT_TARGET = 27.0;
				LD_RUNPATH_SEARCH_PATHS = (
					"$(inherited)",
					"@executable_path/Frameworks",
				);
				MARKETING_VERSION = 1.0;
				PRODUCT_BUNDLE_IDENTIFIER = "com.veyra.Veyra-iOS";
				PRODUCT_NAME = "$(TARGET_NAME)";
				SDKROOT = iphoneos;
				STRING_CATALOG_GENERATE_SYMBOLS = YES;
				SWIFT_APPROACHABLE_CONCURRENCY = YES;
				SWIFT_DEFAULT_ACTOR_ISOLATION = MainActor;
				SWIFT_EMIT_LOC_STRINGS = YES;
				SWIFT_UPCOMING_FEATURE_MEMBER_IMPORT_VISIBILITY = NO;
				SWIFT_VERSION = 5.0;
				TARGETED_DEVICE_FAMILY = "1,2";
			};
			name = Release;
		};
/* End XCBuildConfiguration section */

/* Begin XCConfigurationList section */
		B3B65AC0305A5A6C003B5F07 /* Build configuration list for PBXProject "Veyra" */ = {
			isa = XCConfigurationList;
			buildConfigurations = (
				B3B65ACE305A5A70003B5F07 /* Debug configuration for PBXProject "Veyra" */,
				B3B65ACF305A5A70003B5F07 /* Release configuration for PBXProject "Veyra" */,
			);
			defaultConfigurationName = Release;
		};
		B3B65AD0305A5A70003B5F07 /* Build configuration list for PBXNativeTarget "Veyra" */ = {
			isa = XCConfigurationList;
			buildConfigurations = (
				B3B65AD1305A5A70003B5F07 /* Debug configuration for PBXNativeTarget "Veyra" */,
				B3B65AD2305A5A70003B5F07 /* Release configuration for PBXNativeTarget "Veyra" */,
			);
			defaultConfigurationName = Release;
		};
		B3EE10DE305E9267002FAC51 /* Build configuration list for PBXNativeTarget "Veyra-iOS" */ = {
			isa = XCConfigurationList;
			buildConfigurations = (
				B3EE10DF305E9267002FAC51 /* Debug configuration for PBXNativeTarget "Veyra-iOS" */,
				B3EE10E0305E9267002FAC51 /* Release configuration for PBXNativeTarget "Veyra-iOS" */,
			);
			defaultConfigurationName = Release;
		};
/* End XCConfigurationList section */

/* Begin XCRemoteSwiftPackageReference section */
		B3B65AF0305A984B003B5F07 /* XCRemoteSwiftPackageReference "AetherEngine" */ = {
			isa = XCRemoteSwiftPackageReference;
			repositoryURL = "https://github.com/superuser404notfound/AetherEngine";
			requirement = {
				kind = upToNextMajorVersion;
				minimumVersion = 6.89.1;
			};
		};
/* End XCRemoteSwiftPackageReference section */

/* Begin XCSwiftPackageProductDependency section */
		B3B65AF1305A984B003B5F07 /* AetherEngine */ = {
			isa = XCSwiftPackageProductDependency;
			package = B3B65AF0305A984B003B5F07 /* XCRemoteSwiftPackageReference "AetherEngine" */;
			productName = AetherEngine;
		};
/* End XCSwiftPackageProductDependency section */
	};
	rootObject = B3B65ABD305A5A6C003B5F07 /* Project object */;
	validationLevel = 1;
}
